
Microsoft Visual Studio Solution File, Format Version 12.00
# Visual Studio Version 16
VisualStudioVersion = 16.0.31025.194
MinimumVisualStudioVersion = 10.0.40219.1
Project("{FAE04EC0-301F-11D3-BF4B-00C04F79EFBC}") = "SerializeDeserializeTest", "SerializeDeserializeTest\SerializeDeserializeTest.csproj", "{56CA1EBA-F420-4E0B-B95D-5B997BA50F7A}"
EndProject
Project("{FAE04EC0-301F-11D3-BF4B-00C04F79EFBC}") = "UnitTest", "UnitTest\UnitTest.csproj", "{9D6AA15C-5BBB-4C80-9D88-C90D2BE8B7F8}"
EndProject
Project("{FAE04EC0-301F-11D3-BF4B-00C04F79EFBC}") = "SerializerProgram", "SerializerProject\SerializerProgram.csproj", "{40800CBA-6466-4F20-A680-D485159A8221}"
EndProject
Project("{FAE04EC0-301F-11D3-BF4B-00C04F79EFBC}") = "DeserializerProgram", "DeserializerProgram\DeserializerProgram.csproj", "{1D41A743-28EA-478D-B180-683AED49B941}"
EndProject
Global
	GlobalSection(SolutionConfigurationPlatforms) = preSolution
		Debug|Any CPU = Debug|Any CPU
		Release|Any CPU = Release|Any CPU
	EndGlobalSection
	GlobalSection(ProjectConfigurationPlatforms) = postSolution
		{56CA1EBA-F420-4E0B-B95D-5B997BA50F7A}.Debug|Any CPU.ActiveCfg = Debug|Any CPU
		{56CA1EBA-F420-4E0B-B95D-5B997BA50F7A}.Debug|Any CPU.Build.0 = Debug|Any CPU
		{56CA1EBA-F420-4E0B-B95D-5B997BA50F7A}.Release|Any CPU.ActiveCfg = Release|Any CPU
		{56CA1EBA-F420-4E0B-B95D-5B997BA50F7A}.Release|Any CPU.Build.0 = Release|Any CPU
		{9D6AA15C-5BBB-4C80-9D88-C90D2BE8B7F8}.Debug|Any CPU.ActiveCfg = Debug|Any CPU
		{9D6AA15C-5BBB-4C80-9D88-C90D2BE8B7F8}.Debug|Any CPU.Build.0 = Debug|Any CPU
		{9D6AA15C-5BBB-4C80-9D88-C90D2BE8B7F8}.Release|Any CPU.ActiveCfg = Release|Any CPU
		{9D6AA15C-5BBB-4C80-9D88-C90D2BE8B7F8}.Release|Any CPU.Build.0 = Release|Any CPU
		{40800CBA-6466-4F20-A680-D485159A8221}.Debug|Any CPU.ActiveCfg = Debug|Any CPU
		{40800CBA-6466-4F20-A680-D485159A8221}.Debug|Any CPU.Build.0 = Debug|Any CPU
		{40800CBA-6466-4F20-A680-D485159A8221}.Release|Any CPU.ActiveCfg = Release|Any CPU
		{40800CBA-6466-4F20-A680-D485159A8221}.Release|Any CPU.Build.0 = Release|Any CPU
		{1D41A743-28EA-478D-B180-683AED49B941}.Debug|Any CPU.ActiveCfg = Debug|Any CPU
		{1D41A743-28EA-478D-B180-683AED49B941}.Debug|Any CPU.Build.0 = Debug|Any CPU
		{1D41A743-28EA-478D-B180-683AED49B941}.Release|Any CPU.ActiveCfg = Release|Any CPU
		{1D41A743-28EA-478D-B180-683AED49B941}.Release|Any CPU.Build.0 = Release|Any CPU
	EndGlobalSection
	GlobalSection(SolutionProperties) = preSolution
		HideSolutionNode = FALSE
	EndGlobalSection
	GlobalSection(ExtensibilityGlobals) = postSolution
		SolutionGuid = {28399EB5-34B8-4011-B198-FF76CD10F68D}
	EndGlobalSection
EndGlobal
